
Microsoft Visual Studio Solution File, Format Version 12.00
# Visual Studio Version 17
VisualStudioVersion = 17.9.34607.119
MinimumVisualStudioVersion = 10.0.40219.1
Project("{9A19103F-16F7-4668-BE54-9A1E7A4F7556}") = "Task1", "ConsoleApp1\Task1.csproj", "{E507CDE4-5F9A-4519-B14F-053CD9762AE9}"
EndProject
Project("{9A19103F-16F7-4668-BE54-9A1E7A4F7556}") = "Task2", "ConsoleApp2\Task2.csproj", "{CCD48466-E729-4844-A607-2538C415B2EC}"
EndProject
Project("{FAE04EC0-301F-11D3-BF4B-00C04F79EFBC}") = "Task3", "Example\Task3.csproj", "{65ECDB06-C5E3-4851-8790-8CC3FB0B990A}"
EndProject
Global
	GlobalSection(SolutionConfigurationPlatforms) = preSolution
		Debug|Any CPU = Debug|Any CPU
		Release|Any CPU = Release|Any CPU
	EndGlobalSection
	GlobalSection(ProjectConfigurationPlatforms) = postSolution
		{E507CDE4-5F9A-4519-B14F-053CD9762AE9}.Debug|Any CPU.ActiveCfg = Debug|Any CPU
		{E507CDE4-5F9A-4519-B14F-053CD9762AE9}.Debug|Any CPU.Build.0 = Debug|Any CPU
		{E507CDE4-5F9A-4519-B14F-053CD9762AE9}.Release|Any CPU.ActiveCfg = Release|Any CPU
		{E507CDE4-5F9A-4519-B14F-053CD9762AE9}.Release|Any CPU.Build.0 = Release|Any CPU
		{CCD48466-E729-4844-A607-2538C415B2EC}.Debug|Any CPU.ActiveCfg = Debug|Any CPU
		{CCD48466-E729-4844-A607-2538C415B2EC}.Debug|Any CPU.Build.0 = Debug|Any CPU
		{CCD48466-E729-4844-A607-2538C415B2EC}.Release|Any CPU.ActiveCfg = Release|Any CPU
		{CCD48466-E729-4844-A607-2538C415B2EC}.Release|Any CPU.Build.0 = Release|Any CPU
		{65ECDB06-C5E3-4851-8790-8CC3FB0B990A}.Debug|Any CPU.ActiveCfg = Debug|Any CPU
		{65ECDB06-C5E3-4851-8790-8CC3FB0B990A}.Debug|Any CPU.Build.0 = Debug|Any CPU
		{65ECDB06-C5E3-4851-8790-8CC3FB0B990A}.Release|Any CPU.ActiveCfg = Release|Any CPU
		{65ECDB06-C5E3-4851-8790-8CC3FB0B990A}.Release|Any CPU.Build.0 = Release|Any CPU
	EndGlobalSection
	GlobalSection(SolutionProperties) = preSolution
		HideSolutionNode = FALSE
	EndGlobalSection
	GlobalSection(ExtensibilityGlobals) = postSolution
		SolutionGuid = {85650731-7C24-4E8B-8F00-A54E62434BEB}
	EndGlobalSection
EndGlobal
